// !$*UTF8*$!
{
	archiveVersion = 1;
	classes = {
	};
	objectVersion = 46;
	objects = {

/* Begin PBXBuildFile section */
		BD01D82B1B655A770031348D /* AppDelegate.swift in Sources */ = {isa = PBXBuildFile; fileRef = BD01D82A1B655A770031348D /* AppDelegate.swift */; };
		BD01D82D1B655A770031348D /* ViewController.swift in Sources */ = {isa = PBXBuildFile; fileRef = BD01D82C1B655A770031348D /* ViewController.swift */; };
		BD01D8321B655A770031348D /* Images.xcassets in Resources */ = {isa = PBXBuildFile; fileRef = BD01D8311B655A770031348D /* Images.xcassets */; };
		BD01D8351B655A770031348D /* LaunchScreen.xib in Resources */ = {isa = PBXBuildFile; fileRef = BD01D8331B655A770031348D /* LaunchScreen.xib */; };
		BD01D84B1B655A8D0031348D /* Podfile in Resources */ = {isa = PBXBuildFile; fileRef = BD01D84A1B655A8D0031348D /* Podfile */; };
		D251ABDD58736E4891FEE616 /* Pods_TransitionDemo.framework in Frameworks */ = {isa = PBXBuildFile; fileRef = EF40F6A8D2A10DFE35E25AB0 /* Pods_TransitionDemo.framework */; };
/* End PBXBuildFile section */

/* Begin PBXFileReference section */
		2144D3BD06D750724C5F4E19 /* Pods-TransitionDemo.release.xcconfig */ = {isa = PBXFileReference; includeInIndex = 1; lastKnownFileType = text.xcconfig; name = "Pods-TransitionDemo.release.xcconfig"; path = "Pods/Target Support Files/Pods-TransitionDemo/Pods-TransitionDemo.release.xcconfig"; sourceTree = "<group>"; };
		9FFCFA57F034005C739A8BB8 /* Pods-TransitionDemo.debug.xcconfig */ = {isa = PBXFileReference; includeInIndex = 1; lastKnownFileType = text.xcconfig; name = "Pods-TransitionDemo.debug.xcconfig"; path = "Pods/Target Support Files/Pods-TransitionDemo/Pods-TransitionDemo.debug.xcconfig"; sourceTree = "<group>"; };
		BD01D8251B655A770031348D /* TransitionDemo.app */ = {isa = PBXFileReference; explicitFileType = wrapper.application; includeInIndex = 0; path = TransitionDemo.app; sourceTree = BUILT_PRODUCTS_DIR; };
		BD01D8291B655A770031348D /* Info.plist */ = {isa = PBXFileReference; lastKnownFileType = text.plist.xml; path = Info.plist; sourceTree = "<group>"; };
		BD01D82A1B655A770031348D /* AppDelegate.swift */ = {isa = PBXFileReference; lastKnownFileType = sourcecode.swift; path = AppDelegate.swift; sourceTree = "<group>"; };
		BD01D82C1B655A770031348D /* ViewController.swift */ = {isa = PBXFileReference; lastKnownFileType = sourcecode.swift; path = ViewController.swift; sourceTree = "<group>"; };
		BD01D8311B655A770031348D /* Images.xcassets */ = {isa = PBXFileReference; lastKnownFileType = folder.assetcatalog; path = Images.xcassets; sourceTree = "<group>"; };
		BD01D8341B655A770031348D /* Base */ = {isa = PBXFileReference; lastKnownFileType = file.xib; name = Base; path = Base.lproj/LaunchScreen.xib; sourceTree = "<group>"; };
		BD01D84A1B655A8D0031348D /* Podfile */ = {isa = PBXFileReference; fileEncoding = 4; lastKnownFileType = text; path = Podfile; sourceTree = "<group>"; };
		CB15AA401B89A705D1CDB8B5 /* Pods.framework */ = {isa = PBXFileReference; explicitFileType = wrapper.framework; includeInIndex = 0; path = Pods.framework; sourceTree = BUILT_PRODUCTS_DIR; };
		EF40F6A8D2A10DFE35E25AB0 /* Pods_TransitionDemo.framework */ = {isa = PBXFileReference; explicitFileType = wrapper.framework; includeInIndex = 0; path = Pods_TransitionDemo.framework; sourceTree = BUILT_PRODUCTS_DIR; };
/* End PBXFileReference section */

/* Begin PBXFrameworksBuildPhase section */
		BD01D8221B655A770031348D /* Frameworks */ = {
			isa = PBXFrameworksBuildPhase;
			buildActionMask = 2147483647;
			files = (
				D251ABDD58736E4891FEE616 /* Pods_TransitionDemo.framework in Frameworks */,
			);
			runOnlyForDeploymentPostprocessing = 0;
		};
/* End PBXFrameworksBuildPhase section */

/* Begin PBXGroup section */
		BD01D81C1B655A760031348D = {
			isa = PBXGroup;
			children = (
				BD01D84A1B655A8D0031348D /* Podfile */,
				BD01D8271B655A770031348D /* TransitionDemo */,
				BD01D8261B655A770031348D /* Products */,
				C614E4FFC57086335C443A2C /* Frameworks */,
				EA78FCAF50A34FEF486E37C6 /* Pods */,
			);
			sourceTree = "<group>";
		};
		BD01D8261B655A770031348D /* Products */ = {
			isa = PBXGroup;
			children = (
				BD01D8251B655A770031348D /* TransitionDemo.app */,
			);
			name = Products;
			sourceTree = "<group>";
		};
		BD01D8271B655A770031348D /* TransitionDemo */ = {
			isa = PBXGroup;
			children = (
				BD01D82A1B655A770031348D /* AppDelegate.swift */,
				BD01D82C1B655A770031348D /* ViewController.swift */,
				BD01D8311B655A770031348D /* Images.xcassets */,
				BD01D8331B655A770031348D /* LaunchScreen.xib */,
				BD01D8281B655A770031348D /* Supporting Files */,
			);
			path = TransitionDemo;
			sourceTree = "<group>";
		};
		BD01D8281B655A770031348D /* Supporting Files */ = {
			isa = PBXGroup;
			children = (
				BD01D8291B655A770031348D /* Info.plist */,
			);
			name = "Supporting Files";
			sourceTree = "<group>";
		};
		C614E4FFC57086335C443A2C /* Frameworks */ = {
			isa = PBXGroup;
			children = (
				CB15AA401B89A705D1CDB8B5 /* Pods.framework */,
				EF40F6A8D2A10DFE35E25AB0 /* Pods_TransitionDemo.framework */,
			);
			name = Frameworks;
			sourceTree = "<group>";
		};
		EA78FCAF50A34FEF486E37C6 /* Pods */ = {
			isa = PBXGroup;
			children = (
				9FFCFA57F034005C739A8BB8 /* Pods-TransitionDemo.debug.xcconfig */,
				2144D3BD06D750724C5F4E19 /* Pods-TransitionDemo.release.xcconfig */,
			);
			name = Pods;
			sourceTree = "<group>";
		};
/* End PBXGroup section */

/* Begin PBXNativeTarget section */
		BD01D8241B655A770031348D /* TransitionDemo */ = {
			isa = PBXNativeTarget;
			buildConfigurationList = BD01D8441B655A770031348D /* Build configuration list for PBXNativeTarget "TransitionDemo" */;
			buildPhases = (
				44BC236B62B310D6E82A2422 /* [CP] Check Pods Manifest.lock */,
				BD01D8211B655A770031348D /* Sources */,
				BD01D8221B655A770031348D /* Frameworks */,
				BD01D8231B655A770031348D /* Resources */,
				F79D28123C14BD02BEEA2318 /* [CP] Embed Pods Frameworks */,
				615324392AC4B2E018C95CB5 /* [CP] Copy Pods Resources */,
			);
			buildRules = (
			);
			dependencies = (
			);
			name = TransitionDemo;
			productName = TransitionDemo;
			productReference = BD01D8251B655A770031348D /* TransitionDemo.app */;
			productType = "com.apple.product-type.application";
		};
/* End PBXNativeTarget section */

/* Begin PBXProject section */
		BD01D81D1B655A760031348D /* Project object */ = {
			isa = PBXProject;
			attributes = {
				LastSwiftUpdateCheck = 0700;
				LastUpgradeCheck = 0800;
				ORGANIZATIONNAME = zenangst;
				TargetAttributes = {
					BD01D8241B655A770031348D = {
						CreatedOnToolsVersion = 6.4;
						LastSwiftMigration = 0800;
					};
				};
			};
			buildConfigurationList = BD01D8201B655A760031348D /* Build configuration list for PBXProject "TransitionDemo" */;
			compatibilityVersion = "Xcode 3.2";
			developmentRegion = English;
			hasScannedForEncodings = 0;
			knownRegions = (
				en,
				Base,
			);
			mainGroup = BD01D81C1B655A760031348D;
			productRefGroup = BD01D8261B655A770031348D /* Products */;
			projectDirPath = "";
			projectRoot = "";
			targets = (
				BD01D8241B655A770031348D /* TransitionDemo */,
			);
		};
/* End PBXProject section */

/* Begin PBXResourcesBuildPhase section */
		BD01D8231B655A770031348D /* Resources */ = {
			isa = PBXResourcesBuildPhase;
			buildActionMask = 2147483647;
			files = (
				BD01D8351B655A770031348D /* LaunchScreen.xib in Resources */,
				BD01D84B1B655A8D0031348D /* Podfile in Resources */,
				BD01D8321B655A770031348D /* Images.xcassets in Resources */,
			);
			runOnlyForDeploymentPostprocessing = 0;
		};
/* End PBXResourcesBuildPhase section */

/* Begin PBXShellScriptBuildPhase section */
		44BC236B62B310D6E82A2422 /* [CP] Check Pods Manifest.lock */ = {
			isa = PBXShellScriptBuildPhase;
			buildActionMask = 2147483647;
			files = (
			);
			inputPaths = (
			);
			name = "[CP] Check Pods Manifest.lock";
			outputPaths = (
			);
			runOnlyForDeploymentPostprocessing = 0;
			shellPath = /bin/sh;
			shellScript = "diff \"${PODS_ROOT}/../Podfile.lock\" \"${PODS_ROOT}/Manifest.lock\" > /dev/null\nif [ $? != 0 ] ; then\n    # print error to STDERR\n    echo \"error: The sandbox is not in sync with the Podfile.lock. Run 'pod install' or update your CocoaPods installation.\" >&2\n    exit 1\nfi\n";
			showEnvVarsInLog = 0;
		};
		615324392AC4B2E018C95CB5 /* [CP] Copy Pods Resources */ = {
			isa = PBXShellScriptBuildPhase;
			buildActionMask = 2147483647;
			files = (
			);
			inputPaths = (
			);
			name = "[CP] Copy Pods Resources";
			outputPaths = (
			);
			runOnlyForDeploymentPostprocessing = 0;
			shellPath = /bin/sh;
			shellScript = "\"${SRCROOT}/Pods/Target Support Files/Pods-TransitionDemo/Pods-TransitionDemo-resources.sh\"\n";
			showEnvVarsInLog = 0;
		};
		F79D28123C14BD02BEEA2318 /* [CP] Embed Pods Frameworks */ = {
			isa = PBXShellScriptBuildPhase;
			buildActionMask = 2147483647;
			files = (
			);
			inputPaths = (
			);
			name = "[CP] Embed Pods Frameworks";
			outputPaths = (
			);
			runOnlyForDeploymentPostprocessing = 0;
			shellPath = /bin/sh;
			shellScript = "\"${SRCROOT}/Pods/Target Support Files/Pods-TransitionDemo/Pods-TransitionDemo-frameworks.sh\"\n";
			showEnvVarsInLog = 0;
		};
/* End PBXShellScriptBuildPhase section */

/* Begin PBXSourcesBuildPhase section */
		BD01D8211B655A770031348D /* Sources */ = {
			isa = PBXSourcesBuildPhase;
			buildActionMask = 2147483647;
			files = (
				BD01D82D1B655A770031348D /* ViewController.swift in Sources */,
				BD01D82B1B655A770031348D /* AppDelegate.swift in Sources */,
			);
			runOnlyForDeploymentPostprocessing = 0;
		};
/* End PBXSourcesBuildPhase section */

/* Begin PBXVariantGroup section */
		BD01D8331B655A770031348D /* LaunchScreen.xib */ = {
			isa = PBXVariantGroup;
			children = (
				BD01D8341B655A770031348D /* Base */,
			);
			name = LaunchScreen.xib;
			sourceTree = "<group>";
		};
/* End PBXVariantGroup section */

/* Begin XCBuildConfiguration section */
		BD01D8421B655A770031348D /* Debug */ = {
			isa = XCBuildConfiguration;
			buildSettings = {
				ALWAYS_SEARCH_USER_PATHS = NO;
				CLANG_CXX_LANGUAGE_STANDARD = "gnu++0x";
				CLANG_CXX_LIBRARY = "libc++";
				CLANG_ENABLE_MODULES = YES;
				CLANG_ENABLE_OBJC_ARC = YES;
				CLANG_WARN_BOOL_CONVERSION = YES;
				CLANG_WARN_CONSTANT_CONVERSION = YES;
				CLANG_WARN_DIRECT_OBJC_ISA_USAGE = YES_ERROR;
				CLANG_WARN_EMPTY_BODY = YES;
				CLANG_WARN_ENUM_CONVERSION = YES;
				CLANG_WARN_INFINITE_RECURSION = YES;
				CLANG_WARN_INT_CONVERSION = YES;
				CLANG_WARN_OBJC_ROOT_CLASS = YES_ERROR;
				CLANG_WARN_SUSPICIOUS_MOVE = YES;
				CLANG_WARN_UNREACHABLE_CODE = YES;
				CLANG_WARN__DUPLICATE_METHOD_MATCH = YES;
				"CODE_SIGN_IDENTITY[sdk=iphoneos*]" = "iPhone Developer";
				COPY_PHASE_STRIP = NO;
				DEBUG_INFORMATION_FORMAT = "dwarf-with-dsym";
				ENABLE_STRICT_OBJC_MSGSEND = YES;
				ENABLE_TESTABILITY = YES;
				GCC_C_LANGUAGE_STANDARD = gnu99;
				GCC_DYNAMIC_NO_PIC = NO;
				GCC_NO_COMMON_BLOCKS = YES;
				GCC_OPTIMIZATION_LEVEL = 0;
				GCC_PREPROCESSOR_DEFINITIONS = (
					"DEBUG=1",
					"$(inherited)",
				);
				GCC_SYMBOLS_PRIVATE_EXTERN = NO;
				GCC_WARN_64_TO_32_BIT_CONVERSION = YES;
				GCC_WARN_ABOUT_RETURN_TYPE = YES_ERROR;
				GCC_WARN_UNDECLARED_SELECTOR = YES;
				GCC_WARN_UNINITIALIZED_AUTOS = YES_AGGRESSIVE;
				GCC_WARN_UNUSED_FUNCTION = YES;
				GCC_WARN_UNUSED_VARIABLE = YES;
				IPHONEOS_DEPLOYMENT_TARGET = 8.4;
				MTL_ENABLE_DEBUG_INFO = YES;
				ONLY_ACTIVE_ARCH = YES;
				SDKROOT = iphoneos;
				SWIFT_OPTIMIZATION_LEVEL = "-Onone";
				SWIFT_VERSION = 3.0;
			};
			name = Debug;
		};
		BD01D8431B655A770031348D /* Release */ = {
			isa = XCBuildConfiguration;
			buildSettings = {
				ALWAYS_SEARCH_USER_PATHS = NO;
				CLANG_CXX_LANGUAGE_STANDARD = "gnu++0x";
				CLANG_CXX_LIBRARY = "libc++";
				CLANG_ENABLE_MODULES = YES;
				CLANG_ENABLE_OBJC_ARC = YES;
				CLANG_WARN_BOOL_CONVERSION = YES;
				CLANG_WARN_CONSTANT_CONVERSION = YES;
				CLANG_WARN_DIRECT_OBJC_ISA_USAGE = YES_ERROR;
				CLANG_WARN_EMPTY_BODY = YES;
				CLANG_WARN_ENUM_CONVERSION = YES;
				CLANG_WARN_INFINITE_RECURSION = YES;
				CLANG_WARN_INT_CONVERSION = YES;
				CLANG_WARN_OBJC_ROOT_CLASS = YES_ERROR;
				CLANG_WARN_SUSPICIOUS_MOVE = YES;
				CLANG_WARN_UNREACHABLE_CODE = YES;
				CLANG_WARN__DUPLICATE_METHOD_MATCH = YES;
				"CODE_SIGN_IDENTITY[sdk=iphoneos*]" = "iPhone Developer";
				COPY_PHASE_STRIP = NO;
				DEBUG_INFORMATION_FORMAT = "dwarf-with-dsym";
				ENABLE_NS_ASSERTIONS = NO;
				ENABLE_STRICT_OBJC_MSGSEND = YES;
				GCC_C_LANGUAGE_STANDARD = gnu99;
				GCC_NO_COMMON_BLOCKS = YES;
				GCC_WARN_64_TO_32_BIT_CONVERSION = YES;
				GCC_WARN_ABOUT_RETURN_TYPE = YES_ERROR;
				GCC_WARN_UNDECLARED_SELECTOR = YES;
				GCC_WARN_UNINITIALIZED_AUTOS = YES_AGGRESSIVE;
				GCC_WARN_UNUSED_FUNCTION = YES;
				GCC_WARN_UNUSED_VARIABLE = YES;
				IPHONEOS_DEPLOYMENT_TARGET = 8.4;
				MTL_ENABLE_DEBUG_INFO = NO;
				SDKROOT = iphoneos;
				SWIFT_OPTIMIZATION_LEVEL = "-Owholemodule";
				SWIFT_VERSION = 3.0;
				VALIDATE_PRODUCT = YES;
			};
			name = Release;
		};
		BD01D8451B655A770031348D /* Debug */ = {
			isa = XCBuildConfiguration;
			baseConfigurationReference = 9FFCFA57F034005C739A8BB8 /* Pods-TransitionDemo.debug.xcconfig */;
			buildSettings = {
				ALWAYS_EMBED_SWIFT_STANDARD_LIBRARIES = YES;
				ASSETCATALOG_COMPILER_APPICON_NAME = AppIcon;
				INFOPLIST_FILE = TransitionDemo/Info.plist;
				LD_RUNPATH_SEARCH_PATHS = "$(inherited) @executable_path/Frameworks";
				PRODUCT_BUNDLE_IDENTIFIER = "com.zenangst.$(PRODUCT_NAME:rfc1034identifier)";
				PRODUCT_NAME = "$(TARGET_NAME)";
				SWIFT_VERSION = 3.0;
			};
			name = Debug;
		};
		BD01D8461B655A770031348D /* Release */ = {
			isa = XCBuildConfiguration;
			baseConfigurationReference = 2144D3BD06D750724C5F4E19 /* Pods-TransitionDemo.release.xcconfig */;
			buildSettings = {
				ALWAYS_EMBED_SWIFT_STANDARD_LIBRARIES = YES;
				ASSETCATALOG_COMPILER_APPICON_NAME = AppIcon;
				INFOPLIST_FILE = TransitionDemo/Info.plist;
				LD_RUNPATH_SEARCH_PATHS = "$(inherited) @executable_path/Frameworks";
				PRODUCT_BUNDLE_IDENTIFIER = "com.zenangst.$(PRODUCT_NAME:rfc1034identifier)";
				PRODUCT_NAME = "$(TARGET_NAME)";
				SWIFT_VERSION = 3.0;
			};
			name = Release;
		};
/* End XCBuildConfiguration section */

/* Begin XCConfigurationList section */
		BD01D8201B655A760031348D /* Build configuration list for PBXProject "TransitionDemo" */ = {
			isa = XCConfigurationList;
			buildConfigurations = (
				BD01D8421B655A770031348D /* Debug */,
				BD01D8431B655A770031348D /* Release */,
			);
			defaultConfigurationIsVisible = 0;
			defaultConfigurationName = Release;
		};
		BD01D8441B655A770031348D /* Build configuration list for PBXNativeTarget "TransitionDemo" */ = {
			isa = XCConfigurationList;
			buildConfigurations = (
				BD01D8451B655A770031348D /* Debug */,
				BD01D8461B655A770031348D /* Release */,
			);
			defaultConfigurationIsVisible = 0;
			defaultConfigurationName = Release;
		};
/* End XCConfigurationList section */
	};
	rootObject = BD01D81D1B655A760031348D /* Project object */;
}
